
Microsoft Visual Studio Solution File, Format Version 12.00
# Visual Studio Version 17
VisualStudioVersion = 17.14.36310.24
MinimumVisualStudioVersion = 10.0.40219.1
Project("{FAE04EC0-301F-11D3-BF4B-00C04F79EFBC}") = "DDDSampleInWebApi", "DDDSampleInWebApi\DDDSampleInWebApi.csproj", "{89460E20-0E37-40F4-B13B-227ECE2F9934}"
EndProject
Project("{2150E333-8FDC-42A3-9474-1A3956D46DE8}") = "InSimpleWay", "InSimpleWay", "{C1CC0797-BD2B-466C-9C56-0E336A63ECF7}"
EndProject
Project("{2150E333-8FDC-42A3-9474-1A3956D46DE8}") = "InCleanArchitectureWay", "InCleanArchitectureWay", "{FD2153D9-8872-48C6-94C7-FD6A5CE5EAEB}"
EndProject
Project("{FAE04EC0-301F-11D3-BF4B-00C04F79EFBC}") = "DDDSample.Domain", "DDDSample.Domain\DDDSample.Domain.csproj", "{DD2222F9-05D1-443F-949A-42C8FA5C5B07}"
EndProject
Project("{FAE04EC0-301F-11D3-BF4B-00C04F79EFBC}") = "DDDSample.Application", "DDDSample.Application\DDDSample.Application.csproj", "{439FA9E6-764B-489B-8641-0E14A1FB4882}"
EndProject
Project("{FAE04EC0-301F-11D3-BF4B-00C04F79EFBC}") = "DDDSample.InfraStructure", "DDDSample.InfraStructure\DDDSample.InfraStructure.csproj", "{362AF6A1-2A52-496E-A5E3-3EC8AC97CAC4}"
EndProject
Project("{FAE04EC0-301F-11D3-BF4B-00C04F79EFBC}") = "DDDSample.Presentation", "DDDSample.Presentation\DDDSample.Presentation.csproj", "{3BD15111-25F0-4DED-BF63-5E14843420C7}"
EndProject
Global
	GlobalSection(SolutionConfigurationPlatforms) = preSolution
		Debug|Any CPU = Debug|Any CPU
		Release|Any CPU = Release|Any CPU
	EndGlobalSection
	GlobalSection(ProjectConfigurationPlatforms) = postSolution
		{89460E20-0E37-40F4-B13B-227ECE2F9934}.Debug|Any CPU.ActiveCfg = Debug|Any CPU
		{89460E20-0E37-40F4-B13B-227ECE2F9934}.Debug|Any CPU.Build.0 = Debug|Any CPU
		{89460E20-0E37-40F4-B13B-227ECE2F9934}.Release|Any CPU.ActiveCfg = Release|Any CPU
		{89460E20-0E37-40F4-B13B-227ECE2F9934}.Release|Any CPU.Build.0 = Release|Any CPU
		{DD2222F9-05D1-443F-949A-42C8FA5C5B07}.Debug|Any CPU.ActiveCfg = Debug|Any CPU
		{DD2222F9-05D1-443F-949A-42C8FA5C5B07}.Debug|Any CPU.Build.0 = Debug|Any CPU
		{DD2222F9-05D1-443F-949A-42C8FA5C5B07}.Release|Any CPU.ActiveCfg = Release|Any CPU
		{DD2222F9-05D1-443F-949A-42C8FA5C5B07}.Release|Any CPU.Build.0 = Release|Any CPU
		{439FA9E6-764B-489B-8641-0E14A1FB4882}.Debug|Any CPU.ActiveCfg = Debug|Any CPU
		{439FA9E6-764B-489B-8641-0E14A1FB4882}.Debug|Any CPU.Build.0 = Debug|Any CPU
		{439FA9E6-764B-489B-8641-0E14A1FB4882}.Release|Any CPU.ActiveCfg = Release|Any CPU
		{439FA9E6-764B-489B-8641-0E14A1FB4882}.Release|Any CPU.Build.0 = Release|Any CPU
		{362AF6A1-2A52-496E-A5E3-3EC8AC97CAC4}.Debug|Any CPU.ActiveCfg = Debug|Any CPU
		{362AF6A1-2A52-496E-A5E3-3EC8AC97CAC4}.Debug|Any CPU.Build.0 = Debug|Any CPU
		{362AF6A1-2A52-496E-A5E3-3EC8AC97CAC4}.Release|Any CPU.ActiveCfg = Release|Any CPU
		{362AF6A1-2A52-496E-A5E3-3EC8AC97CAC4}.Release|Any CPU.Build.0 = Release|Any CPU
		{3BD15111-25F0-4DED-BF63-5E14843420C7}.Debug|Any CPU.ActiveCfg = Debug|Any CPU
		{3BD15111-25F0-4DED-BF63-5E14843420C7}.Debug|Any CPU.Build.0 = Debug|Any CPU
		{3BD15111-25F0-4DED-BF63-5E14843420C7}.Release|Any CPU.ActiveCfg = Release|Any CPU
		{3BD15111-25F0-4DED-BF63-5E14843420C7}.Release|Any CPU.Build.0 = Release|Any CPU
	EndGlobalSection
	GlobalSection(SolutionProperties) = preSolution
		HideSolutionNode = FALSE
	EndGlobalSection
	GlobalSection(NestedProjects) = preSolution
		{89460E20-0E37-40F4-B13B-227ECE2F9934} = {C1CC0797-BD2B-466C-9C56-0E336A63ECF7}
		{DD2222F9-05D1-443F-949A-42C8FA5C5B07} = {FD2153D9-8872-48C6-94C7-FD6A5CE5EAEB}
		{439FA9E6-764B-489B-8641-0E14A1FB4882} = {FD2153D9-8872-48C6-94C7-FD6A5CE5EAEB}
		{362AF6A1-2A52-496E-A5E3-3EC8AC97CAC4} = {FD2153D9-8872-48C6-94C7-FD6A5CE5EAEB}
		{3BD15111-25F0-4DED-BF63-5E14843420C7} = {FD2153D9-8872-48C6-94C7-FD6A5CE5EAEB}
	EndGlobalSection
	GlobalSection(ExtensibilityGlobals) = postSolution
		SolutionGuid = {B9D7F469-4A84-4158-A57B-F2F054FACAE1}
	EndGlobalSection
EndGlobal
